
Microsoft Visual Studio Solution File, Format Version 12.00
# Visual Studio 15
VisualStudioVersion = 15.0.28307.421
MinimumVisualStudioVersion = 10.0.40219.1
Project("{FAE04EC0-301F-11D3-BF4B-00C04F79EFBC}") = "UltrasoundBusinessApp_Core1.0", "UltrasoundBusinessApp_Core1.0\UltrasoundBusinessApp_Core1.0.csproj", "{E0691EE2-7D8C-44A3-8A26-A80C95B3BF7E}"
EndProject
Global
	GlobalSection(SolutionConfigurationPlatforms) = preSolution
		Debug|Any CPU = Debug|Any CPU
		Release|Any CPU = Release|Any CPU
	EndGlobalSection
	GlobalSection(ProjectConfigurationPlatforms) = postSolution
		{E0691EE2-7D8C-44A3-8A26-A80C95B3BF7E}.Debug|Any CPU.ActiveCfg = Debug|Any CPU
		{E0691EE2-7D8C-44A3-8A26-A80C95B3BF7E}.Debug|Any CPU.Build.0 = Debug|Any CPU
		{E0691EE2-7D8C-44A3-8A26-A80C95B3BF7E}.Release|Any CPU.ActiveCfg = Release|Any CPU
		{E0691EE2-7D8C-44A3-8A26-A80C95B3BF7E}.Release|Any CPU.Build.0 = Release|Any CPU
	EndGlobalSection
	GlobalSection(SolutionProperties) = preSolution
		HideSolutionNode = FALSE
	EndGlobalSection
	GlobalSection(ExtensibilityGlobals) = postSolution
		SolutionGuid = {90C57454-63CC-46DD-9731-AAAA0B6917C9}
	EndGlobalSection
EndGlobal
